// !$*UTF8*$!
{
	archiveVersion = 1;
	classes = {
	};
	objectVersion = 46;
	objects = {

/* Begin PBXBuildFile section */
		9E0832191C0D711E00E5B350 /* BottomBarButton.m in Sources */ = {isa = PBXBuildFile; fileRef = 9E0832181C0D711E00E5B350 /* BottomBarButton.m */; };
		9E0832221C0DBB8000E5B350 /* mainNavViewController.m in Sources */ = {isa = PBXBuildFile; fileRef = 9E0832211C0DBB8000E5B350 /* mainNavViewController.m */; };
		9E0832251C0DBBEC00E5B350 /* ArenaViewController.m in Sources */ = {isa = PBXBuildFile; fileRef = 9E0832241C0DBBEC00E5B350 /* ArenaViewController.m */; };
		9E0832281C0DBC0F00E5B350 /* DiscoverViewController.m in Sources */ = {isa = PBXBuildFile; fileRef = 9E0832271C0DBC0F00E5B350 /* DiscoverViewController.m */; };
		9E08322B1C0DBC2500E5B350 /* GuideViewController.m in Sources */ = {isa = PBXBuildFile; fileRef = 9E08322A1C0DBC2500E5B350 /* GuideViewController.m */; };
		9E08322E1C0DBC4800E5B350 /* HallViewController.m in Sources */ = {isa = PBXBuildFile; fileRef = 9E08322D1C0DBC4800E5B350 /* HallViewController.m */; };
		9E0832311C0DBC5D00E5B350 /* HistoryViewController.m in Sources */ = {isa = PBXBuildFile; fileRef = 9E0832301C0DBC5D00E5B350 /* HistoryViewController.m */; };
		9E0832341C0DBC7100E5B350 /* MylottryViewController.m in Sources */ = {isa = PBXBuildFile; fileRef = 9E0832331C0DBC7100E5B350 /* MylottryViewController.m */; };
		9E34D14D1C0DC7C900F3B183 /* ArenaTow.storyboard in Resources */ = {isa = PBXBuildFile; fileRef = 9E34D14C1C0DC7C900F3B183 /* ArenaTow.storyboard */; };
		9E6ACB8B1C0C8FFE0030F6CE /* main.m in Sources */ = {isa = PBXBuildFile; fileRef = 9E6ACB8A1C0C8FFE0030F6CE /* main.m */; };
		9E6ACB8E1C0C8FFE0030F6CE /* AppDelegate.m in Sources */ = {isa = PBXBuildFile; fileRef = 9E6ACB8D1C0C8FFE0030F6CE /* AppDelegate.m */; };
		9E6ACB961C0C8FFE0030F6CE /* Assets.xcassets in Resources */ = {isa = PBXBuildFile; fileRef = 9E6ACB951C0C8FFE0030F6CE /* Assets.xcassets */; };
		9E6ACB991C0C8FFE0030F6CE /* LaunchScreen.storyboard in Resources */ = {isa = PBXBuildFile; fileRef = 9E6ACB971C0C8FFE0030F6CE /* LaunchScreen.storyboard */; };
		9E6ACBA41C0C8FFE0030F6CE /* __Tests.m in Sources */ = {isa = PBXBuildFile; fileRef = 9E6ACBA31C0C8FFE0030F6CE /* __Tests.m */; };
		9E6ACBAF1C0C8FFE0030F6CE /* __UITests.m in Sources */ = {isa = PBXBuildFile; fileRef = 9E6ACBAE1C0C8FFE0030F6CE /* __UITests.m */; };
		9E6ACBEE1C0C928B0030F6CE /* Images.xcassets in Resources */ = {isa = PBXBuildFile; fileRef = 9E6ACBED1C0C928B0030F6CE /* Images.xcassets */; };
		9E6ACBF11C0C94870030F6CE /* mainController.m in Sources */ = {isa = PBXBuildFile; fileRef = 9E6ACBF01C0C94870030F6CE /* mainController.m */; };
		9E6ACBF31C0C9D7F0030F6CE /* MyLottery.storyboard in Resources */ = {isa = PBXBuildFile; fileRef = 9E6ACBF21C0C9D7F0030F6CE /* MyLottery.storyboard */; };
		9E6ACBF51C0C9F100030F6CE /* History.storyboard in Resources */ = {isa = PBXBuildFile; fileRef = 9E6ACBF41C0C9F100030F6CE /* History.storyboard */; };
		9E6ACBF71C0C9FEE0030F6CE /* Hall.storyboard in Resources */ = {isa = PBXBuildFile; fileRef = 9E6ACBF61C0C9FEE0030F6CE /* Hall.storyboard */; };
		9E6ACBFB1C0CA0EB0030F6CE /* Discover.storyboard in Resources */ = {isa = PBXBuildFile; fileRef = 9E6ACBFA1C0CA0EB0030F6CE /* Discover.storyboard */; };
		9E6ACBFD1C0CA1790030F6CE /* Guide.storyboard in Resources */ = {isa = PBXBuildFile; fileRef = 9E6ACBFC1C0CA1790030F6CE /* Guide.storyboard */; };
		9E6ACC001C0CA3180030F6CE /* ButtonBarView.m in Sources */ = {isa = PBXBuildFile; fileRef = 9E6ACBFF1C0CA3180030F6CE /* ButtonBarView.m */; };
/* End PBXBuildFile section */

/* Begin PBXContainerItemProxy section */
		9E6ACBA01C0C8FFE0030F6CE /* PBXContainerItemProxy */ = {
			isa = PBXContainerItemProxy;
			containerPortal = 9E6ACB7E1C0C8FFE0030F6CE /* Project object */;
			proxyType = 1;
			remoteGlobalIDString = 9E6ACB851C0C8FFE0030F6CE;
			remoteInfo = "彩票";
		};
		9E6ACBAB1C0C8FFE0030F6CE /* PBXContainerItemProxy */ = {
			isa = PBXContainerItemProxy;
			containerPortal = 9E6ACB7E1C0C8FFE0030F6CE /* Project object */;
			proxyType = 1;
			remoteGlobalIDString = 9E6ACB851C0C8FFE0030F6CE;
			remoteInfo = "彩票";
		};
/* End PBXContainerItemProxy section */

/* Begin PBXFileReference section */
		9E0832171C0D711E00E5B350 /* BottomBarButton.h */ = {isa = PBXFileReference; fileEncoding = 4; lastKnownFileType = sourcecode.c.h; path = BottomBarButton.h; sourceTree = "<group>"; };
		9E0832181C0D711E00E5B350 /* BottomBarButton.m */ = {isa = PBXFileReference; fileEncoding = 4; lastKnownFileType = sourcecode.c.objc; path = BottomBarButton.m; sourceTree = "<group>"; };
		9E0832201C0DBB8000E5B350 /* mainNavViewController.h */ = {isa = PBXFileReference; fileEncoding = 4; lastKnownFileType = sourcecode.c.h; path = mainNavViewController.h; sourceTree = "<group>"; };
		9E0832211C0DBB8000E5B350 /* mainNavViewController.m */ = {isa = PBXFileReference; fileEncoding = 4; lastKnownFileType = sourcecode.c.objc; path = mainNavViewController.m; sourceTree = "<group>"; };
		9E0832231C0DBBEC00E5B350 /* ArenaViewController.h */ = {isa = PBXFileReference; fileEncoding = 4; lastKnownFileType = sourcecode.c.h; path = ArenaViewController.h; sourceTree = "<group>"; };
		9E0832241C0DBBEC00E5B350 /* ArenaViewController.m */ = {isa = PBXFileReference; fileEncoding = 4; lastKnownFileType = sourcecode.c.objc; path = ArenaViewController.m; sourceTree = "<group>"; };
		9E0832261C0DBC0F00E5B350 /* DiscoverViewController.h */ = {isa = PBXFileReference; fileEncoding = 4; lastKnownFileType = sourcecode.c.h; path = DiscoverViewController.h; sourceTree = "<group>"; };
		9E0832271C0DBC0F00E5B350 /* DiscoverViewController.m */ = {isa = PBXFileReference; fileEncoding = 4; lastKnownFileType = sourcecode.c.objc; path = DiscoverViewController.m; sourceTree = "<group>"; };
		9E0832291C0DBC2500E5B350 /* GuideViewController.h */ = {isa = PBXFileReference; fileEncoding = 4; lastKnownFileType = sourcecode.c.h; path = GuideViewController.h; sourceTree = "<group>"; };
		9E08322A1C0DBC2500E5B350 /* GuideViewController.m */ = {isa = PBXFileReference; fileEncoding = 4; lastKnownFileType = sourcecode.c.objc; path = GuideViewController.m; sourceTree = "<group>"; };
		9E08322C1C0DBC4800E5B350 /* HallViewController.h */ = {isa = PBXFileReference; fileEncoding = 4; lastKnownFileType = sourcecode.c.h; path = HallViewController.h; sourceTree = "<group>"; };
		9E08322D1C0DBC4800E5B350 /* HallViewController.m */ = {isa = PBXFileReference; fileEncoding = 4; lastKnownFileType = sourcecode.c.objc; path = HallViewController.m; sourceTree = "<group>"; };
		9E08322F1C0DBC5D00E5B350 /* HistoryViewController.h */ = {isa = PBXFileReference; fileEncoding = 4; lastKnownFileType = sourcecode.c.h; path = HistoryViewController.h; sourceTree = "<group>"; };
		9E0832301C0DBC5D00E5B350 /* HistoryViewController.m */ = {isa = PBXFileReference; fileEncoding = 4; lastKnownFileType = sourcecode.c.objc; path = HistoryViewController.m; sourceTree = "<group>"; };
		9E0832321C0DBC7100E5B350 /* MylottryViewController.h */ = {isa = PBXFileReference; fileEncoding = 4; lastKnownFileType = sourcecode.c.h; path = MylottryViewController.h; sourceTree = "<group>"; };
		9E0832331C0DBC7100E5B350 /* MylottryViewController.m */ = {isa = PBXFileReference; fileEncoding = 4; lastKnownFileType = sourcecode.c.objc; path = MylottryViewController.m; sourceTree = "<group>"; };
		9E34D14C1C0DC7C900F3B183 /* ArenaTow.storyboard */ = {isa = PBXFileReference; fileEncoding = 4; lastKnownFileType = file.storyboard; path = ArenaTow.storyboard; sourceTree = "<group>"; };
		9E6ACB861C0C8FFE0030F6CE /* 彩票.app */ = {isa = PBXFileReference; explicitFileType = wrapper.application; includeInIndex = 0; path = "彩票.app"; sourceTree = BUILT_PRODUCTS_DIR; };
		9E6ACB8A1C0C8FFE0030F6CE /* main.m */ = {isa = PBXFileReference; lastKnownFileType = sourcecode.c.objc; path = main.m; sourceTree = "<group>"; };
		9E6ACB8C1C0C8FFE0030F6CE /* AppDelegate.h */ = {isa = PBXFileReference; lastKnownFileType = sourcecode.c.h; name = AppDelegate.h; path = ../../AppDelegate.h; sourceTree = "<group>"; };
		9E6ACB8D1C0C8FFE0030F6CE /* AppDelegate.m */ = {isa = PBXFileReference; lastKnownFileType = sourcecode.c.objc; name = AppDelegate.m; path = ../../AppDelegate.m; sourceTree = "<group>"; };
		9E6ACB951C0C8FFE0030F6CE /* Assets.xcassets */ = {isa = PBXFileReference; lastKnownFileType = folder.assetcatalog; path = Assets.xcassets; sourceTree = "<group>"; };
		9E6ACB981C0C8FFE0030F6CE /* Base */ = {isa = PBXFileReference; lastKnownFileType = file.storyboard; name = Base; path = Base.lproj/LaunchScreen.storyboard; sourceTree = "<group>"; };
		9E6ACB9A1C0C8FFE0030F6CE /* Info.plist */ = {isa = PBXFileReference; lastKnownFileType = text.plist.xml; path = Info.plist; sourceTree = "<group>"; };
		9E6ACB9F1C0C8FFE0030F6CE /* 彩票Tests.xctest */ = {isa = PBXFileReference; explicitFileType = wrapper.cfbundle; includeInIndex = 0; path = "彩票Tests.xctest"; sourceTree = BUILT_PRODUCTS_DIR; };
		9E6ACBA31C0C8FFE0030F6CE /* __Tests.m */ = {isa = PBXFileReference; lastKnownFileType = sourcecode.c.objc; path = __Tests.m; sourceTree = "<group>"; };
		9E6ACBA51C0C8FFE0030F6CE /* Info.plist */ = {isa = PBXFileReference; lastKnownFileType = text.plist.xml; path = Info.plist; sourceTree = "<group>"; };
		9E6ACBAA1C0C8FFE0030F6CE /* 彩票UITests.xctest */ = {isa = PBXFileReference; explicitFileType = wrapper.cfbundle; includeInIndex = 0; path = "彩票UITests.xctest"; sourceTree = BUILT_PRODUCTS_DIR; };
		9E6ACBAE1C0C8FFE0030F6CE /* __UITests.m */ = {isa = PBXFileReference; lastKnownFileType = sourcecode.c.objc; path = __UITests.m; sourceTree = "<group>"; };
		9E6ACBB01C0C8FFE0030F6CE /* Info.plist */ = {isa = PBXFileReference; lastKnownFileType = text.plist.xml; path = Info.plist; sourceTree = "<group>"; };
		9E6ACBED1C0C928B0030F6CE /* Images.xcassets */ = {isa = PBXFileReference; lastKnownFileType = folder.assetcatalog; path = Images.xcassets; sourceTree = "<group>"; };
		9E6ACBEF1C0C94870030F6CE /* mainController.h */ = {isa = PBXFileReference; fileEncoding = 4; lastKnownFileType = sourcecode.c.h; path = mainController.h; sourceTree = "<group>"; };
		9E6ACBF01C0C94870030F6CE /* mainController.m */ = {isa = PBXFileReference; fileEncoding = 4; lastKnownFileType = sourcecode.c.objc; path = mainController.m; sourceTree = "<group>"; };
		9E6ACBF21C0C9D7F0030F6CE /* MyLottery.storyboard */ = {isa = PBXFileReference; fileEncoding = 4; lastKnownFileType = file.storyboard; path = MyLottery.storyboard; sourceTree = "<group>"; };
		9E6ACBF41C0C9F100030F6CE /* History.storyboard */ = {isa = PBXFileReference; fileEncoding = 4; lastKnownFileType = file.storyboard; path = History.storyboard; sourceTree = "<group>"; };
		9E6ACBF61C0C9FEE0030F6CE /* Hall.storyboard */ = {isa = PBXFileReference; fileEncoding = 4; lastKnownFileType = file.storyboard; path = Hall.storyboard; sourceTree = "<group>"; };
		9E6ACBFA1C0CA0EB0030F6CE /* Discover.storyboard */ = {isa = PBXFileReference; fileEncoding = 4; lastKnownFileType = file.storyboard; path = Discover.storyboard; sourceTree = "<group>"; };
		9E6ACBFC1C0CA1790030F6CE /* Guide.storyboard */ = {isa = PBXFileReference; fileEncoding = 4; lastKnownFileType = file.storyboard; path = Guide.storyboard; sourceTree = "<group>"; };
		9E6ACBFE1C0CA3180030F6CE /* ButtonBarView.h */ = {isa = PBXFileReference; fileEncoding = 4; lastKnownFileType = sourcecode.c.h; path = ButtonBarView.h; sourceTree = "<group>"; };
		9E6ACBFF1C0CA3180030F6CE /* ButtonBarView.m */ = {isa = PBXFileReference; fileEncoding = 4; lastKnownFileType = sourcecode.c.objc; path = ButtonBarView.m; sourceTree = "<group>"; };
/* End PBXFileReference section */

/* Begin PBXFrameworksBuildPhase section */
		9E6ACB831C0C8FFE0030F6CE /* Frameworks */ = {
			isa = PBXFrameworksBuildPhase;
			buildActionMask = 2147483647;
			files = (
			);
			runOnlyForDeploymentPostprocessing = 0;
		};
		9E6ACB9C1C0C8FFE0030F6CE /* Frameworks */ = {
			isa = PBXFrameworksBuildPhase;
			buildActionMask = 2147483647;
			files = (
			);
			runOnlyForDeploymentPostprocessing = 0;
		};
		9E6ACBA71C0C8FFE0030F6CE /* Frameworks */ = {
			isa = PBXFrameworksBuildPhase;
			buildActionMask = 2147483647;
			files = (
			);
			runOnlyForDeploymentPostprocessing = 0;
		};
/* End PBXFrameworksBuildPhase section */

/* Begin PBXGroup section */
		9E6ACB7D1C0C8FFE0030F6CE = {
			isa = PBXGroup;
			children = (
				9E6ACB881C0C8FFE0030F6CE /* 彩票 */,
				9E6ACBA21C0C8FFE0030F6CE /* 彩票Tests */,
				9E6ACBAD1C0C8FFE0030F6CE /* 彩票UITests */,
				9E6ACB871C0C8FFE0030F6CE /* Products */,
			);
			sourceTree = "<group>";
		};
		9E6ACB871C0C8FFE0030F6CE /* Products */ = {
			isa = PBXGroup;
			children = (
				9E6ACB861C0C8FFE0030F6CE /* 彩票.app */,
				9E6ACB9F1C0C8FFE0030F6CE /* 彩票Tests.xctest */,
				9E6ACBAA1C0C8FFE0030F6CE /* 彩票UITests.xctest */,
			);
			name = Products;
			sourceTree = "<group>";
		};
		9E6ACB881C0C8FFE0030F6CE /* 彩票 */ = {
			isa = PBXGroup;
			children = (
				9E6ACBBC1C0C917D0030F6CE /* Arena (竞技场) */,
				9E6ACBC21C0C917D0030F6CE /* Discover (发现) */,
				9E6ACBC81C0C917D0030F6CE /* Guide (新特性) */,
				9E6ACBCE1C0C917D0030F6CE /* Hall (购物大厅) */,
				9E6ACBD41C0C917D0030F6CE /* History (开奖信息) */,
				9E6ACBDA1C0C917D0030F6CE /* Main (主框架) */,
				9E6ACBE01C0C917D0030F6CE /* MyLottery (我的彩票) */,
				9E6ACB891C0C8FFE0030F6CE /* Supporting Files */,
			);
			path = "彩票";
			sourceTree = "<group>";
		};
		9E6ACB891C0C8FFE0030F6CE /* Supporting Files */ = {
			isa = PBXGroup;
			children = (
				9E6ACBED1C0C928B0030F6CE /* Images.xcassets */,
				9E6ACB951C0C8FFE0030F6CE /* Assets.xcassets */,
				9E6ACB9A1C0C8FFE0030F6CE /* Info.plist */,
				9E6ACB8A1C0C8FFE0030F6CE /* main.m */,
			);
			name = "Supporting Files";
			sourceTree = "<group>";
		};
		9E6ACBA21C0C8FFE0030F6CE /* 彩票Tests */ = {
			isa = PBXGroup;
			children = (
				9E6ACBA31C0C8FFE0030F6CE /* __Tests.m */,
				9E6ACBA51C0C8FFE0030F6CE /* Info.plist */,
			);
			path = "彩票Tests";
			sourceTree = "<group>";
		};
		9E6ACBAD1C0C8FFE0030F6CE /* 彩票UITests */ = {
			isa = PBXGroup;
			children = (
				9E6ACBAE1C0C8FFE0030F6CE /* __UITests.m */,
				9E6ACBB01C0C8FFE0030F6CE /* Info.plist */,
			);
			path = "彩票UITests";
			sourceTree = "<group>";
		};
		9E6ACBBC1C0C917D0030F6CE /* Arena (竞技场) */ = {
			isa = PBXGroup;
			children = (
				9E6ACBBD1C0C917D0030F6CE /* Controllers */,
				9E6ACBBE1C0C917D0030F6CE /* Models */,
				9E6ACBBF1C0C917D0030F6CE /* Others */,
				9E6ACBC01C0C917D0030F6CE /* Views */,
			);
			path = "Arena (竞技场)";
			sourceTree = "<group>";
		};
		9E6ACBBD1C0C917D0030F6CE /* Controllers */ = {
			isa = PBXGroup;
			children = (
				9E0832231C0DBBEC00E5B350 /* ArenaViewController.h */,
				9E0832241C0DBBEC00E5B350 /* ArenaViewController.m */,
			);
			path = Controllers;
			sourceTree = "<group>";
		};
		9E6ACBBE1C0C917D0030F6CE /* Models */ = {
			isa = PBXGroup;
			children = (
			);
			path = Models;
			sourceTree = "<group>";
		};
		9E6ACBBF1C0C917D0030F6CE /* Others */ = {
			isa = PBXGroup;
			children = (
			);
			path = Others;
			sourceTree = "<group>";
		};
		9E6ACBC01C0C917D0030F6CE /* Views */ = {
			isa = PBXGroup;
			children = (
				9E34D14C1C0DC7C900F3B183 /* ArenaTow.storyboard */,
			);
			path = Views;
			sourceTree = "<group>";
		};
		9E6ACBC21C0C917D0030F6CE /* Discover (发现) */ = {
			isa = PBXGroup;
			children = (
				9E6ACBC31C0C917D0030F6CE /* Controllers */,
				9E6ACBC41C0C917D0030F6CE /* Models */,
				9E6ACBC51C0C917D0030F6CE /* Others */,
				9E6ACBC61C0C917D0030F6CE /* Views */,
			);
			path = "Discover (发现)";
			sourceTree = "<group>";
		};
		9E6ACBC31C0C917D0030F6CE /* Controllers */ = {
			isa = PBXGroup;
			children = (
				9E0832261C0DBC0F00E5B350 /* DiscoverViewController.h */,
				9E0832271C0DBC0F00E5B350 /* DiscoverViewController.m */,
			);
			path = Controllers;
			sourceTree = "<group>";
		};
		9E6ACBC41C0C917D0030F6CE /* Models */ = {
			isa = PBXGroup;
			children = (
			);
			path = Models;
			sourceTree = "<group>";
		};
		9E6ACBC51C0C917D0030F6CE /* Others */ = {
			isa = PBXGroup;
			children = (
			);
			path = Others;
			sourceTree = "<group>";
		};
		9E6ACBC61C0C917D0030F6CE /* Views */ = {
			isa = PBXGroup;
			children = (
				9E6ACBFA1C0CA0EB0030F6CE /* Discover.storyboard */,
			);
			path = Views;
			sourceTree = "<group>";
		};
		9E6ACBC81C0C917D0030F6CE /* Guide (新特性) */ = {
			isa = PBXGroup;
			children = (
				9E6ACBC91C0C917D0030F6CE /* Controllers */,
				9E6ACBCA1C0C917D0030F6CE /* Models */,
				9E6ACBCB1C0C917D0030F6CE /* Others */,
				9E6ACBCC1C0C917D0030F6CE /* Views */,
			);
			path = "Guide (新特性)";
			sourceTree = "<group>";
		};
		9E6ACBC91C0C917D0030F6CE /* Controllers */ = {
			isa = PBXGroup;
			children = (
				9E0832291C0DBC2500E5B350 /* GuideViewController.h */,
				9E08322A1C0DBC2500E5B350 /* GuideViewController.m */,
			);
			path = Controllers;
			sourceTree = "<group>";
		};
		9E6ACBCA1C0C917D0030F6CE /* Models */ = {
			isa = PBXGroup;
			children = (
			);
			path = Models;
			sourceTree = "<group>";
		};
		9E6ACBCB1C0C917D0030F6CE /* Others */ = {
			isa = PBXGroup;
			children = (
			);
			path = Others;
			sourceTree = "<group>";
		};
		9E6ACBCC1C0C917D0030F6CE /* Views */ = {
			isa = PBXGroup;
			children = (
				9E6ACBFC1C0CA1790030F6CE /* Guide.storyboard */,
			);
			path = Views;
			sourceTree = "<group>";
		};
		9E6ACBCE1C0C917D0030F6CE /* Hall (购物大厅) */ = {
			isa = PBXGroup;
			children = (
				9E6ACBCF1C0C917D0030F6CE /* Controllers */,
				9E6ACBD01C0C917D0030F6CE /* Models */,
				9E6ACBD11C0C917D0030F6CE /* Others */,
				9E6ACBD21C0C917D0030F6CE /* Views */,
			);
			path = "Hall (购物大厅)";
			sourceTree = "<group>";
		};
		9E6ACBCF1C0C917D0030F6CE /* Controllers */ = {
			isa = PBXGroup;
			children = (
				9E08322C1C0DBC4800E5B350 /* HallViewController.h */,
				9E08322D1C0DBC4800E5B350 /* HallViewController.m */,
			);
			path = Controllers;
			sourceTree = "<group>";
		};
		9E6ACBD01C0C917D0030F6CE /* Models */ = {
			isa = PBXGroup;
			children = (
			);
			path = Models;
			sourceTree = "<group>";
		};
		9E6ACBD11C0C917D0030F6CE /* Others */ = {
			isa = PBXGroup;
			children = (
			);
			path = Others;
			sourceTree = "<group>";
		};
		9E6ACBD21C0C917D0030F6CE /* Views */ = {
			isa = PBXGroup;
			children = (
				9E6ACBF61C0C9FEE0030F6CE /* Hall.storyboard */,
			);
			path = Views;
			sourceTree = "<group>";
		};
		9E6ACBD41C0C917D0030F6CE /* History (开奖信息) */ = {
			isa = PBXGroup;
			children = (
				9E6ACBD51C0C917D0030F6CE /* Controllers */,
				9E6ACBD61C0C917D0030F6CE /* Models */,
				9E6ACBD71C0C917D0030F6CE /* Others */,
				9E6ACBD81C0C917D0030F6CE /* Views */,
			);
			path = "History (开奖信息)";
			sourceTree = "<group>";
		};
		9E6ACBD51C0C917D0030F6CE /* Controllers */ = {
			isa = PBXGroup;
			children = (
				9E08322F1C0DBC5D00E5B350 /* HistoryViewController.h */,
				9E0832301C0DBC5D00E5B350 /* HistoryViewController.m */,
			);
			path = Controllers;
			sourceTree = "<group>";
		};
		9E6ACBD61C0C917D0030F6CE /* Models */ = {
			isa = PBXGroup;
			children = (
			);
			path = Models;
			sourceTree = "<group>";
		};
		9E6ACBD71C0C917D0030F6CE /* Others */ = {
			isa = PBXGroup;
			children = (
			);
			path = Others;
			sourceTree = "<group>";
		};
		9E6ACBD81C0C917D0030F6CE /* Views */ = {
			isa = PBXGroup;
			children = (
				9E6ACBF41C0C9F100030F6CE /* History.storyboard */,
			);
			path = Views;
			sourceTree = "<group>";
		};
		9E6ACBDA1C0C917D0030F6CE /* Main (主框架) */ = {
			isa = PBXGroup;
			children = (
				9E6ACBDB1C0C917D0030F6CE /* Controllers */,
				9E6ACBDC1C0C917D0030F6CE /* Models */,
				9E6ACBDD1C0C917D0030F6CE /* Others */,
				9E6ACBDE1C0C917D0030F6CE /* Views */,
			);
			path = "Main (主框架)";
			sourceTree = "<group>";
		};
		9E6ACBDB1C0C917D0030F6CE /* Controllers */ = {
			isa = PBXGroup;
			children = (
				9E6ACBEF1C0C94870030F6CE /* mainController.h */,
				9E6ACBF01C0C94870030F6CE /* mainController.m */,
				9E0832201C0DBB8000E5B350 /* mainNavViewController.h */,
				9E0832211C0DBB8000E5B350 /* mainNavViewController.m */,
			);
			path = Controllers;
			sourceTree = "<group>";
		};
		9E6ACBDC1C0C917D0030F6CE /* Models */ = {
			isa = PBXGroup;
			children = (
			);
			path = Models;
			sourceTree = "<group>";
		};
		9E6ACBDD1C0C917D0030F6CE /* Others */ = {
			isa = PBXGroup;
			children = (
				9E6ACB8C1C0C8FFE0030F6CE /* AppDelegate.h */,
				9E6ACB8D1C0C8FFE0030F6CE /* AppDelegate.m */,
			);
			path = Others;
			sourceTree = "<group>";
		};
		9E6ACBDE1C0C917D0030F6CE /* Views */ = {
			isa = PBXGroup;
			children = (
				9E6ACB971C0C8FFE0030F6CE /* LaunchScreen.storyboard */,
				9E6ACBFE1C0CA3180030F6CE /* ButtonBarView.h */,
				9E6ACBFF1C0CA3180030F6CE /* ButtonBarView.m */,
				9E0832171C0D711E00E5B350 /* BottomBarButton.h */,
				9E0832181C0D711E00E5B350 /* BottomBarButton.m */,
			);
			path = Views;
			sourceTree = "<group>";
		};
		9E6ACBE01C0C917D0030F6CE /* MyLottery (我的彩票) */ = {
			isa = PBXGroup;
			children = (
				9E6ACBE11C0C917D0030F6CE /* Controllers */,
				9E6ACBE21C0C917D0030F6CE /* Models */,
				9E6ACBE31C0C917D0030F6CE /* Others */,
				9E6ACBE41C0C917D0030F6CE /* Views */,
			);
			path = "MyLottery (我的彩票)";
			sourceTree = "<group>";
		};
		9E6ACBE11C0C917D0030F6CE /* Controllers */ = {
			isa = PBXGroup;
			children = (
				9E0832321C0DBC7100E5B350 /* MylottryViewController.h */,
				9E0832331C0DBC7100E5B350 /* MylottryViewController.m */,
			);
			path = Controllers;
			sourceTree = "<group>";
		};
		9E6ACBE21C0C917D0030F6CE /* Models */ = {
			isa = PBXGroup;
			children = (
			);
			path = Models;
			sourceTree = "<group>";
		};
		9E6ACBE31C0C917D0030F6CE /* Others */ = {
			isa = PBXGroup;
			children = (
			);
			path = Others;
			sourceTree = "<group>";
		};
		9E6ACBE41C0C917D0030F6CE /* Views */ = {
			isa = PBXGroup;
			children = (
				9E6ACBF21C0C9D7F0030F6CE /* MyLottery.storyboard */,
			);
			path = Views;
			sourceTree = "<group>";
		};
/* End PBXGroup section */

/* Begin PBXNativeTarget section */
		9E6ACB851C0C8FFE0030F6CE /* 彩票 */ = {
			isa = PBXNativeTarget;
			buildConfigurationList = 9E6ACBB31C0C8FFE0030F6CE /* Build configuration list for PBXNativeTarget "彩票" */;
			buildPhases = (
				9E6ACB821C0C8FFE0030F6CE /* Sources */,
				9E6ACB831C0C8FFE0030F6CE /* Frameworks */,
				9E6ACB841C0C8FFE0030F6CE /* Resources */,
			);
			buildRules = (
			);
			dependencies = (
			);
			name = "彩票";
			productName = "彩票";
			productReference = 9E6ACB861C0C8FFE0030F6CE /* 彩票.app */;
			productType = "com.apple.product-type.application";
		};
		9E6ACB9E1C0C8FFE0030F6CE /* 彩票Tests */ = {
			isa = PBXNativeTarget;
			buildConfigurationList = 9E6ACBB61C0C8FFE0030F6CE /* Build configuration list for PBXNativeTarget "彩票Tests" */;
			buildPhases = (
				9E6ACB9B1C0C8FFE0030F6CE /* Sources */,
				9E6ACB9C1C0C8FFE0030F6CE /* Frameworks */,
				9E6ACB9D1C0C8FFE0030F6CE /* Resources */,
			);
			buildRules = (
			);
			dependencies = (
				9E6ACBA11C0C8FFE0030F6CE /* PBXTargetDependency */,
			);
			name = "彩票Tests";
			productName = "彩票Tests";
			productReference = 9E6ACB9F1C0C8FFE0030F6CE /* 彩票Tests.xctest */;
			productType = "com.apple.product-type.bundle.unit-test";
		};
		9E6ACBA91C0C8FFE0030F6CE /* 彩票UITests */ = {
			isa = PBXNativeTarget;
			buildConfigurationList = 9E6ACBB91C0C8FFE0030F6CE /* Build configuration list for PBXNativeTarget "彩票UITests" */;
			buildPhases = (
				9E6ACBA61C0C8FFE0030F6CE /* Sources */,
				9E6ACBA71C0C8FFE0030F6CE /* Frameworks */,
				9E6ACBA81C0C8FFE0030F6CE /* Resources */,
			);
			buildRules = (
			);
			dependencies = (
				9E6ACBAC1C0C8FFE0030F6CE /* PBXTargetDependency */,
			);
			name = "彩票UITests";
			productName = "彩票UITests";
			productReference = 9E6ACBAA1C0C8FFE0030F6CE /* 彩票UITests.xctest */;
			productType = "com.apple.product-type.bundle.ui-testing";
		};
/* End PBXNativeTarget section */

/* Begin PBXProject section */
		9E6ACB7E1C0C8FFE0030F6CE /* Project object */ = {
			isa = PBXProject;
			attributes = {
				LastUpgradeCheck = 0710;
				ORGANIZATIONNAME = Jusive;
				TargetAttributes = {
					9E6ACB851C0C8FFE0030F6CE = {
						CreatedOnToolsVersion = 7.1;
						DevelopmentTeam = X8GMQZHZP8;
					};
					9E6ACB9E1C0C8FFE0030F6CE = {
						CreatedOnToolsVersion = 7.1;
						DevelopmentTeam = X8GMQZHZP8;
						TestTargetID = 9E6ACB851C0C8FFE0030F6CE;
					};
					9E6ACBA91C0C8FFE0030F6CE = {
						CreatedOnToolsVersion = 7.1;
						DevelopmentTeam = X8GMQZHZP8;
						TestTargetID = 9E6ACB851C0C8FFE0030F6CE;
					};
				};
			};
			buildConfigurationList = 9E6ACB811C0C8FFE0030F6CE /* Build configuration list for PBXProject "彩票" */;
			compatibilityVersion = "Xcode 3.2";
			developmentRegion = English;
			hasScannedForEncodings = 0;
			knownRegions = (
				en,
				Base,
			);
			mainGroup = 9E6ACB7D1C0C8FFE0030F6CE;
			productRefGroup = 9E6ACB871C0C8FFE0030F6CE /* Products */;
			projectDirPath = "";
			projectRoot = "";
			targets = (
				9E6ACB851C0C8FFE0030F6CE /* 彩票 */,
				9E6ACB9E1C0C8FFE0030F6CE /* 彩票Tests */,
				9E6ACBA91C0C8FFE0030F6CE /* 彩票UITests */,
			);
		};
/* End PBXProject section */

/* Begin PBXResourcesBuildPhase section */
		9E6ACB841C0C8FFE0030F6CE /* Resources */ = {
			isa = PBXResourcesBuildPhase;
			buildActionMask = 2147483647;
			files = (
				9E6ACBF31C0C9D7F0030F6CE /* MyLottery.storyboard in Resources */,
				9E6ACBEE1C0C928B0030F6CE /* Images.xcassets in Resources */,
				9E6ACBF71C0C9FEE0030F6CE /* Hall.storyboard in Resources */,
				9E6ACB991C0C8FFE0030F6CE /* LaunchScreen.storyboard in Resources */,
				9E6ACB961C0C8FFE0030F6CE /* Assets.xcassets in Resources */,
				9E6ACBF51C0C9F100030F6CE /* History.storyboard in Resources */,
				9E34D14D1C0DC7C900F3B183 /* ArenaTow.storyboard in Resources */,
				9E6ACBFB1C0CA0EB0030F6CE /* Discover.storyboard in Resources */,
				9E6ACBFD1C0CA1790030F6CE /* Guide.storyboard in Resources */,
			);
			runOnlyForDeploymentPostprocessing = 0;
		};
		9E6ACB9D1C0C8FFE0030F6CE /* Resources */ = {
			isa = PBXResourcesBuildPhase;
			buildActionMask = 2147483647;
			files = (
			);
			runOnlyForDeploymentPostprocessing = 0;
		};
		9E6ACBA81C0C8FFE0030F6CE /* Resources */ = {
			isa = PBXResourcesBuildPhase;
			buildActionMask = 2147483647;
			files = (
			);
			runOnlyForDeploymentPostprocessing = 0;
		};
/* End PBXResourcesBuildPhase section */

/* Begin PBXSourcesBuildPhase section */
		9E6ACB821C0C8FFE0030F6CE /* Sources */ = {
			isa = PBXSourcesBuildPhase;
			buildActionMask = 2147483647;
			files = (
				9E6ACBF11C0C94870030F6CE /* mainController.m in Sources */,
				9E0832281C0DBC0F00E5B350 /* DiscoverViewController.m in Sources */,
				9E6ACB8E1C0C8FFE0030F6CE /* AppDelegate.m in Sources */,
				9E0832221C0DBB8000E5B350 /* mainNavViewController.m in Sources */,
				9E0832311C0DBC5D00E5B350 /* HistoryViewController.m in Sources */,
				9E6ACC001C0CA3180030F6CE /* ButtonBarView.m in Sources */,
				9E0832191C0D711E00E5B350 /* BottomBarButton.m in Sources */,
				9E08322B1C0DBC2500E5B350 /* GuideViewController.m in Sources */,
				9E0832251C0DBBEC00E5B350 /* ArenaViewController.m in Sources */,
				9E6ACB8B1C0C8FFE0030F6CE /* main.m in Sources */,
				9E0832341C0DBC7100E5B350 /* MylottryViewController.m in Sources */,
				9E08322E1C0DBC4800E5B350 /* HallViewController.m in Sources */,
			);
			runOnlyForDeploymentPostprocessing = 0;
		};
		9E6ACB9B1C0C8FFE0030F6CE /* Sources */ = {
			isa = PBXSourcesBuildPhase;
			buildActionMask = 2147483647;
			files = (
				9E6ACBA41C0C8FFE0030F6CE /* __Tests.m in Sources */,
			);
			runOnlyForDeploymentPostprocessing = 0;
		};
		9E6ACBA61C0C8FFE0030F6CE /* Sources */ = {
			isa = PBXSourcesBuildPhase;
			buildActionMask = 2147483647;
			files = (
				9E6ACBAF1C0C8FFE0030F6CE /* __UITests.m in Sources */,
			);
			runOnlyForDeploymentPostprocessing = 0;
		};
/* End PBXSourcesBuildPhase section */

/* Begin PBXTargetDependency section */
		9E6ACBA11C0C8FFE0030F6CE /* PBXTargetDependency */ = {
			isa = PBXTargetDependency;
			target = 9E6ACB851C0C8FFE0030F6CE /* 彩票 */;
			targetProxy = 9E6ACBA01C0C8FFE0030F6CE /* PBXContainerItemProxy */;
		};
		9E6ACBAC1C0C8FFE0030F6CE /* PBXTargetDependency */ = {
			isa = PBXTargetDependency;
			target = 9E6ACB851C0C8FFE0030F6CE /* 彩票 */;
			targetProxy = 9E6ACBAB1C0C8FFE0030F6CE /* PBXContainerItemProxy */;
		};
/* End PBXTargetDependency section */

/* Begin PBXVariantGroup section */
		9E6ACB971C0C8FFE0030F6CE /* LaunchScreen.storyboard */ = {
			isa = PBXVariantGroup;
			children = (
				9E6ACB981C0C8FFE0030F6CE /* Base */,
			);
			name = LaunchScreen.storyboard;
			path = ../..;
			sourceTree = "<group>";
		};
/* End PBXVariantGroup section */

/* Begin XCBuildConfiguration section */
		9E6ACBB11C0C8FFE0030F6CE /* Debug */ = {
			isa = XCBuildConfiguration;
			buildSettings = {
				ALWAYS_SEARCH_USER_PATHS = NO;
				CLANG_CXX_LANGUAGE_STANDARD = "gnu++0x";
				CLANG_CXX_LIBRARY = "libc++";
				CLANG_ENABLE_MODULES = YES;
				CLANG_ENABLE_OBJC_ARC = YES;
				CLANG_WARN_BOOL_CONVERSION = YES;
				CLANG_WARN_CONSTANT_CONVERSION = YES;
				CLANG_WARN_DIRECT_OBJC_ISA_USAGE = YES_ERROR;
				CLANG_WARN_EMPTY_BODY = YES;
				CLANG_WARN_ENUM_CONVERSION = YES;
				CLANG_WARN_INT_CONVERSION = YES;
				CLANG_WARN_OBJC_ROOT_CLASS = YES_ERROR;
				CLANG_WARN_UNREACHABLE_CODE = YES;
				CLANG_WARN__DUPLICATE_METHOD_MATCH = YES;
				"CODE_SIGN_IDENTITY[sdk=iphoneos*]" = "iPhone Developer";
				COPY_PHASE_STRIP = NO;
				DEBUG_INFORMATION_FORMAT = dwarf;
				ENABLE_STRICT_OBJC_MSGSEND = YES;
				ENABLE_TESTABILITY = YES;
				GCC_C_LANGUAGE_STANDARD = gnu99;
				GCC_DYNAMIC_NO_PIC = NO;
				GCC_NO_COMMON_BLOCKS = YES;
				GCC_OPTIMIZATION_LEVEL = 0;
				GCC_PREPROCESSOR_DEFINITIONS = (
					"DEBUG=1",
					"$(inherited)",
				);
				GCC_WARN_64_TO_32_BIT_CONVERSION = YES;
				GCC_WARN_ABOUT_RETURN_TYPE = YES_ERROR;
				GCC_WARN_UNDECLARED_SELECTOR = YES;
				GCC_WARN_UNINITIALIZED_AUTOS = YES_AGGRESSIVE;
				GCC_WARN_UNUSED_FUNCTION = YES;
				GCC_WARN_UNUSED_VARIABLE = YES;
				IPHONEOS_DEPLOYMENT_TARGET = 9.1;
				MTL_ENABLE_DEBUG_INFO = YES;
				ONLY_ACTIVE_ARCH = YES;
				SDKROOT = iphoneos;
				TARGETED_DEVICE_FAMILY = "1,2";
			};
			name = Debug;
		};
		9E6ACBB21C0C8FFE0030F6CE /* Release */ = {
			isa = XCBuildConfiguration;
			buildSettings = {
				ALWAYS_SEARCH_USER_PATHS = NO;
				CLANG_CXX_LANGUAGE_STANDARD = "gnu++0x";
				CLANG_CXX_LIBRARY = "libc++";
				CLANG_ENABLE_MODULES = YES;
				CLANG_ENABLE_OBJC_ARC = YES;
				CLANG_WARN_BOOL_CONVERSION = YES;
				CLANG_WARN_CONSTANT_CONVERSION = YES;
				CLANG_WARN_DIRECT_OBJC_ISA_USAGE = YES_ERROR;
				CLANG_WARN_EMPTY_BODY = YES;
				CLANG_WARN_ENUM_CONVERSION = YES;
				CLANG_WARN_INT_CONVERSION = YES;
				CLANG_WARN_OBJC_ROOT_CLASS = YES_ERROR;
				CLANG_WARN_UNREACHABLE_CODE = YES;
				CLANG_WARN__DUPLICATE_METHOD_MATCH = YES;
				"CODE_SIGN_IDENTITY[sdk=iphoneos*]" = "iPhone Developer";
				COPY_PHASE_STRIP = NO;
				DEBUG_INFORMATION_FORMAT = "dwarf-with-dsym";
				ENABLE_NS_ASSERTIONS = NO;
				ENABLE_STRICT_OBJC_MSGSEND = YES;
				GCC_C_LANGUAGE_STANDARD = gnu99;
				GCC_NO_COMMON_BLOCKS = YES;
				GCC_WARN_64_TO_32_BIT_CONVERSION = YES;
				GCC_WARN_ABOUT_RETURN_TYPE = YES_ERROR;
				GCC_WARN_UNDECLARED_SELECTOR = YES;
				GCC_WARN_UNINITIALIZED_AUTOS = YES_AGGRESSIVE;
				GCC_WARN_UNUSED_FUNCTION = YES;
				GCC_WARN_UNUSED_VARIABLE = YES;
				IPHONEOS_DEPLOYMENT_TARGET = 9.1;
				MTL_ENABLE_DEBUG_INFO = NO;
				SDKROOT = iphoneos;
				TARGETED_DEVICE_FAMILY = "1,2";
				VALIDATE_PRODUCT = YES;
			};
			name = Release;
		};
		9E6ACBB41C0C8FFE0030F6CE /* Debug */ = {
			isa = XCBuildConfiguration;
			buildSettings = {
				ASSETCATALOG_COMPILER_APPICON_NAME = AppIcon;
				ASSETCATALOG_COMPILER_LAUNCHIMAGE_NAME = LaunchImage;
				INFOPLIST_FILE = "彩票/Info.plist";
				IPHONEOS_DEPLOYMENT_TARGET = 7.1;
				LD_RUNPATH_SEARCH_PATHS = "$(inherited) @executable_path/Frameworks";
				PRODUCT_BUNDLE_IDENTIFIER = "com.jusive.--";
				PRODUCT_NAME = "$(TARGET_NAME)";
				TARGETED_DEVICE_FAMILY = 1;
			};
			name = Debug;
		};
		9E6ACBB51C0C8FFE0030F6CE /* Release */ = {
			isa = XCBuildConfiguration;
			buildSettings = {
				ASSETCATALOG_COMPILER_APPICON_NAME = AppIcon;
				ASSETCATALOG_COMPILER_LAUNCHIMAGE_NAME = LaunchImage;
				INFOPLIST_FILE = "彩票/Info.plist";
				IPHONEOS_DEPLOYMENT_TARGET = 7.1;
				LD_RUNPATH_SEARCH_PATHS = "$(inherited) @executable_path/Frameworks";
				PRODUCT_BUNDLE_IDENTIFIER = "com.jusive.--";
				PRODUCT_NAME = "$(TARGET_NAME)";
				TARGETED_DEVICE_FAMILY = 1;
			};
			name = Release;
		};
		9E6ACBB71C0C8FFE0030F6CE /* Debug */ = {
			isa = XCBuildConfiguration;
			buildSettings = {
				BUNDLE_LOADER = "$(TEST_HOST)";
				INFOPLIST_FILE = "彩票Tests/Info.plist";
				LD_RUNPATH_SEARCH_PATHS = "$(inherited) @executable_path/Frameworks @loader_path/Frameworks";
				PRODUCT_BUNDLE_IDENTIFIER = "com.jusive.--Tests";
				PRODUCT_NAME = "$(TARGET_NAME)";
				TEST_HOST = "$(BUILT_PRODUCTS_DIR)/彩票.app/彩票";
			};
			name = Debug;
		};
		9E6ACBB81C0C8FFE0030F6CE /* Release */ = {
			isa = XCBuildConfiguration;
			buildSettings = {
				BUNDLE_LOADER = "$(TEST_HOST)";
				INFOPLIST_FILE = "彩票Tests/Info.plist";
				LD_RUNPATH_SEARCH_PATHS = "$(inherited) @executable_path/Frameworks @loader_path/Frameworks";
				PRODUCT_BUNDLE_IDENTIFIER = "com.jusive.--Tests";
				PRODUCT_NAME = "$(TARGET_NAME)";
				TEST_HOST = "$(BUILT_PRODUCTS_DIR)/彩票.app/彩票";
			};
			name = Release;
		};
		9E6ACBBA1C0C8FFE0030F6CE /* Debug */ = {
			isa = XCBuildConfiguration;
			buildSettings = {
				INFOPLIST_FILE = "彩票UITests/Info.plist";
				LD_RUNPATH_SEARCH_PATHS = "$(inherited) @executable_path/Frameworks @loader_path/Frameworks";
				PRODUCT_BUNDLE_IDENTIFIER = "com.jusive.--UITests";
				PRODUCT_NAME = "$(TARGET_NAME)";
				TEST_TARGET_NAME = "彩票";
				USES_XCTRUNNER = YES;
			};
			name = Debug;
		};
		9E6ACBBB1C0C8FFE0030F6CE /* Release */ = {
			isa = XCBuildConfiguration;
			buildSettings = {
				INFOPLIST_FILE = "彩票UITests/Info.plist";
				LD_RUNPATH_SEARCH_PATHS = "$(inherited) @executable_path/Frameworks @loader_path/Frameworks";
				PRODUCT_BUNDLE_IDENTIFIER = "com.jusive.--UITests";
				PRODUCT_NAME = "$(TARGET_NAME)";
				TEST_TARGET_NAME = "彩票";
				USES_XCTRUNNER = YES;
			};
			name = Release;
		};
/* End XCBuildConfiguration section */

/* Begin XCConfigurationList section */
		9E6ACB811C0C8FFE0030F6CE /* Build configuration list for PBXProject "彩票" */ = {
			isa = XCConfigurationList;
			buildConfigurations = (
				9E6ACBB11C0C8FFE0030F6CE /* Debug */,
				9E6ACBB21C0C8FFE0030F6CE /* Release */,
			);
			defaultConfigurationIsVisible = 0;
			defaultConfigurationName = Release;
		};
		9E6ACBB31C0C8FFE0030F6CE /* Build configuration list for PBXNativeTarget "彩票" */ = {
			isa = XCConfigurationList;
			buildConfigurations = (
				9E6ACBB41C0C8FFE0030F6CE /* Debug */,
				9E6ACBB51C0C8FFE0030F6CE /* Release */,
			);
			defaultConfigurationIsVisible = 0;
			defaultConfigurationName = Release;
		};
		9E6ACBB61C0C8FFE0030F6CE /* Build configuration list for PBXNativeTarget "彩票Tests" */ = {
			isa = XCConfigurationList;
			buildConfigurations = (
				9E6ACBB71C0C8FFE0030F6CE /* Debug */,
				9E6ACBB81C0C8FFE0030F6CE /* Release */,
			);
			defaultConfigurationIsVisible = 0;
			defaultConfigurationName = Release;
		};
		9E6ACBB91C0C8FFE0030F6CE /* Build configuration list for PBXNativeTarget "彩票UITests" */ = {
			isa = XCConfigurationList;
			buildConfigurations = (
				9E6ACBBA1C0C8FFE0030F6CE /* Debug */,
				9E6ACBBB1C0C8FFE0030F6CE /* Release */,
			);
			defaultConfigurationIsVisible = 0;
			defaultConfigurationName = Release;
		};
/* End XCConfigurationList section */
	};
	rootObject = 9E6ACB7E1C0C8FFE0030F6CE /* Project object */;
}
